
Microsoft Visual Studio Solution File, Format Version 12.00
# Visual Studio Version 17
VisualStudioVersion = 17.5.33530.505
MinimumVisualStudioVersion = 10.0.40219.1
Project("{9A19103F-16F7-4668-BE54-9A1E7A4F7556}") = "Railway_Reservation", "Railway_Reservation.csproj", "{2F3E85AA-0602-44B7-BDC9-7B16B1DB352C}"
EndProject
Global
	GlobalSection(SolutionConfigurationPlatforms) = preSolution
		Debug|Any CPU = Debug|Any CPU
		Release|Any CPU = Release|Any CPU
	EndGlobalSection
	GlobalSection(ProjectConfigurationPlatforms) = postSolution
		{2F3E85AA-0602-44B7-BDC9-7B16B1DB352C}.Debug|Any CPU.ActiveCfg = Debug|Any CPU
		{2F3E85AA-0602-44B7-BDC9-7B16B1DB352C}.Debug|Any CPU.Build.0 = Debug|Any CPU
		{2F3E85AA-0602-44B7-BDC9-7B16B1DB352C}.Release|Any CPU.ActiveCfg = Release|Any CPU
		{2F3E85AA-0602-44B7-BDC9-7B16B1DB352C}.Release|Any CPU.Build.0 = Release|Any CPU
	EndGlobalSection
	GlobalSection(SolutionProperties) = preSolution
		HideSolutionNode = FALSE
	EndGlobalSection
	GlobalSection(ExtensibilityGlobals) = postSolution
		SolutionGuid = {E855C704-5CD4-4232-89EA-851AD82D8860}
	EndGlobalSection
EndGlobal
